
Microsoft Visual Studio Solution File, Format Version 12.00
# Visual Studio Version 16
VisualStudioVersion = 16.0.31129.286
MinimumVisualStudioVersion = 10.0.40219.1
Project("{8BC9CEB8-8B4A-11D0-8D11-00A0C91BC942}") = "Dummy_head", "Dummy_head\Dummy_head.vcxproj", "{1AF2A120-7652-4CA5-8D09-797C63021629}"
EndProject
Global
	GlobalSection(SolutionConfigurationPlatforms) = preSolution
		Debug|x64 = Debug|x64
		Debug|x86 = Debug|x86
		Release|x64 = Release|x64
		Release|x86 = Release|x86
	EndGlobalSection
	GlobalSection(ProjectConfigurationPlatforms) = postSolution
		{1AF2A120-7652-4CA5-8D09-797C63021629}.Debug|x64.ActiveCfg = Debug|x64
		{1AF2A120-7652-4CA5-8D09-797C63021629}.Debug|x64.Build.0 = Debug|x64
		{1AF2A120-7652-4CA5-8D09-797C63021629}.Debug|x86.ActiveCfg = Debug|Win32
		{1AF2A120-7652-4CA5-8D09-797C63021629}.Debug|x86.Build.0 = Debug|Win32
		{1AF2A120-7652-4CA5-8D09-797C63021629}.Release|x64.ActiveCfg = Release|x64
		{1AF2A120-7652-4CA5-8D09-797C63021629}.Release|x64.Build.0 = Release|x64
		{1AF2A120-7652-4CA5-8D09-797C63021629}.Release|x86.ActiveCfg = Release|Win32
		{1AF2A120-7652-4CA5-8D09-797C63021629}.Release|x86.Build.0 = Release|Win32
	EndGlobalSection
	GlobalSection(SolutionProperties) = preSolution
		HideSolutionNode = FALSE
	EndGlobalSection
	GlobalSection(ExtensibilityGlobals) = postSolution
		SolutionGuid = {A7F3AEDB-BF63-4995-9121-AE1BA789CB1F}
	EndGlobalSection
EndGlobal
